
Microsoft Visual Studio Solution File, Format Version 12.00
# Visual Studio Version 17
VisualStudioVersion = 17.12.35527.113
MinimumVisualStudioVersion = 10.0.40219.1
Project("{2150E333-8FDC-42A3-9474-1A3956D46DE8}") = "Src", "Src", "{60B35EDC-C5DE-4016-A791-18D374D0AC0D}"
EndProject
Project("{2150E333-8FDC-42A3-9474-1A3956D46DE8}") = "Test", "Test", "{C4982851-91B8-473B-BA94-9C4FCFF89BAF}"
EndProject
Project("{D954291E-2A0B-460D-934E-DC6B0785DB48}") = "SnipeITWebApiShare", "Src\SnipeITWebApiShare\SnipeITWebApiShare.shproj", "{102F6058-891D-42E5-B830-3D704BF7C0B5}"
EndProject
Project("{FAE04EC0-301F-11D3-BF4B-00C04F79EFBC}") = "SnipeITWebApi90", "Src\SnipeITWebApi90\SnipeITWebApi90.csproj", "{DCE903AC-E703-404E-A1A8-7D1224504E1E}"
EndProject
Project("{FAE04EC0-301F-11D3-BF4B-00C04F79EFBC}") = "SnipeITWebApi80", "Src\SnipeITWebApi80\SnipeITWebApi80.csproj", "{9DE3671D-1988-42FD-BE3E-B3BFF7CFE4AA}"
EndProject
Project("{D954291E-2A0B-460D-934E-DC6B0785DB48}") = "WebServiceClientShare", "..\WebServiceClient\Src\WebServiceClientShare\WebServiceClientShare.shproj", "{8CAACB04-9656-4B7C-A692-422FCA51474B}"
EndProject
Project("{D954291E-2A0B-460D-934E-DC6B0785DB48}") = "SnipeITWebApiUnitTestShare", "Test\SnipeITWebApiUnitTestShare\SnipeITWebApiUnitTestShare.shproj", "{3BD295FF-A786-4303-8A15-C2B0DAA217ED}"
EndProject
Project("{FAE04EC0-301F-11D3-BF4B-00C04F79EFBC}") = "SnipeITWebApiUnitTest90", "Test\SnipeITWebApiUnitTest90\SnipeITWebApiUnitTest90.csproj", "{53D7FEA0-65D4-48A4-9E23-C83E93934E46}"
EndProject
Project("{FAE04EC0-301F-11D3-BF4B-00C04F79EFBC}") = "SnipeITWebApiUnitTest80", "Test\SnipeITWebApiUnitTest80\SnipeITWebApiUnitTest80.csproj", "{5C78803B-2CA6-4A8A-A253-176729BAB02A}"
EndProject
Project("{2150E333-8FDC-42A3-9474-1A3956D46DE8}") = "Doc", "Doc", "{02EA681E-C7D8-13C7-8484-4AC65E1B71E8}"
EndProject
Project("{7CF6DF6D-3B04-46F8-A40B-537D21BCA0B4}") = "SnipeITWebApiDoc", "Doc\SnipeITWebApiDoc\SnipeITWebApiDoc.shfbproj", "{EFC73092-01CC-489D-9E25-39B5A879A976}"
	ProjectSection(ProjectDependencies) = postProject
		{9DE3671D-1988-42FD-BE3E-B3BFF7CFE4AA} = {9DE3671D-1988-42FD-BE3E-B3BFF7CFE4AA}
		{DCE903AC-E703-404E-A1A8-7D1224504E1E} = {DCE903AC-E703-404E-A1A8-7D1224504E1E}
	EndProjectSection
EndProject
Global
	GlobalSection(SolutionConfigurationPlatforms) = preSolution
		Debug|Any CPU = Debug|Any CPU
		Release|Any CPU = Release|Any CPU
	EndGlobalSection
	GlobalSection(ProjectConfigurationPlatforms) = postSolution
		{DCE903AC-E703-404E-A1A8-7D1224504E1E}.Debug|Any CPU.ActiveCfg = Debug|Any CPU
		{DCE903AC-E703-404E-A1A8-7D1224504E1E}.Debug|Any CPU.Build.0 = Debug|Any CPU
		{DCE903AC-E703-404E-A1A8-7D1224504E1E}.Release|Any CPU.ActiveCfg = Release|Any CPU
		{DCE903AC-E703-404E-A1A8-7D1224504E1E}.Release|Any CPU.Build.0 = Release|Any CPU
		{9DE3671D-1988-42FD-BE3E-B3BFF7CFE4AA}.Debug|Any CPU.ActiveCfg = Debug|Any CPU
		{9DE3671D-1988-42FD-BE3E-B3BFF7CFE4AA}.Debug|Any CPU.Build.0 = Debug|Any CPU
		{9DE3671D-1988-42FD-BE3E-B3BFF7CFE4AA}.Release|Any CPU.ActiveCfg = Release|Any CPU
		{9DE3671D-1988-42FD-BE3E-B3BFF7CFE4AA}.Release|Any CPU.Build.0 = Release|Any CPU
		{53D7FEA0-65D4-48A4-9E23-C83E93934E46}.Debug|Any CPU.ActiveCfg = Debug|Any CPU
		{53D7FEA0-65D4-48A4-9E23-C83E93934E46}.Debug|Any CPU.Build.0 = Debug|Any CPU
		{53D7FEA0-65D4-48A4-9E23-C83E93934E46}.Release|Any CPU.ActiveCfg = Release|Any CPU
		{53D7FEA0-65D4-48A4-9E23-C83E93934E46}.Release|Any CPU.Build.0 = Release|Any CPU
		{5C78803B-2CA6-4A8A-A253-176729BAB02A}.Debug|Any CPU.ActiveCfg = Debug|Any CPU
		{5C78803B-2CA6-4A8A-A253-176729BAB02A}.Debug|Any CPU.Build.0 = Debug|Any CPU
		{5C78803B-2CA6-4A8A-A253-176729BAB02A}.Release|Any CPU.ActiveCfg = Release|Any CPU
		{5C78803B-2CA6-4A8A-A253-176729BAB02A}.Release|Any CPU.Build.0 = Release|Any CPU
		{EFC73092-01CC-489D-9E25-39B5A879A976}.Debug|Any CPU.ActiveCfg = Debug|Any CPU
		{EFC73092-01CC-489D-9E25-39B5A879A976}.Release|Any CPU.ActiveCfg = Release|Any CPU
		{EFC73092-01CC-489D-9E25-39B5A879A976}.Release|Any CPU.Build.0 = Release|Any CPU
	EndGlobalSection
	GlobalSection(SolutionProperties) = preSolution
		HideSolutionNode = FALSE
	EndGlobalSection
	GlobalSection(NestedProjects) = preSolution
		{102F6058-891D-42E5-B830-3D704BF7C0B5} = {60B35EDC-C5DE-4016-A791-18D374D0AC0D}
		{DCE903AC-E703-404E-A1A8-7D1224504E1E} = {60B35EDC-C5DE-4016-A791-18D374D0AC0D}
		{9DE3671D-1988-42FD-BE3E-B3BFF7CFE4AA} = {60B35EDC-C5DE-4016-A791-18D374D0AC0D}
		{8CAACB04-9656-4B7C-A692-422FCA51474B} = {60B35EDC-C5DE-4016-A791-18D374D0AC0D}
		{3BD295FF-A786-4303-8A15-C2B0DAA217ED} = {C4982851-91B8-473B-BA94-9C4FCFF89BAF}
		{53D7FEA0-65D4-48A4-9E23-C83E93934E46} = {C4982851-91B8-473B-BA94-9C4FCFF89BAF}
		{5C78803B-2CA6-4A8A-A253-176729BAB02A} = {C4982851-91B8-473B-BA94-9C4FCFF89BAF}
		{EFC73092-01CC-489D-9E25-39B5A879A976} = {02EA681E-C7D8-13C7-8484-4AC65E1B71E8}
	EndGlobalSection
	GlobalSection(ExtensibilityGlobals) = postSolution
		SolutionGuid = {8300D701-0FB9-41A4-8FEE-2B588EC29351}
	EndGlobalSection
	GlobalSection(SharedMSBuildProjectFiles) = preSolution
		Src\SnipeITWebApiShare\SnipeITWebApiShare.projitems*{102f6058-891d-42e5-b830-3d704bf7c0b5}*SharedItemsImports = 13
		Test\SnipeITWebApiUnitTestShare\SnipeITWebApiUnitTestShare.projitems*{3bd295ff-a786-4303-8a15-c2b0daa217ed}*SharedItemsImports = 13
		Test\SnipeITWebApiUnitTestShare\SnipeITWebApiUnitTestShare.projitems*{53d7fea0-65d4-48a4-9e23-c83e93934e46}*SharedItemsImports = 5
		Test\SnipeITWebApiUnitTestShare\SnipeITWebApiUnitTestShare.projitems*{5c78803b-2ca6-4a8a-a253-176729bab02a}*SharedItemsImports = 5
		..\WebServiceClient\Src\WebServiceClientShare\WebServiceClientShare.projitems*{8caacb04-9656-4b7c-a692-422fca51474b}*SharedItemsImports = 13
		Src\SnipeITWebApiShare\SnipeITWebApiShare.projitems*{9de3671d-1988-42fd-be3e-b3bff7cfe4aa}*SharedItemsImports = 5
		..\WebServiceClient\Src\WebServiceClientShare\WebServiceClientShare.projitems*{9de3671d-1988-42fd-be3e-b3bff7cfe4aa}*SharedItemsImports = 5
		Src\SnipeITWebApiShare\SnipeITWebApiShare.projitems*{dce903ac-e703-404e-a1a8-7d1224504e1e}*SharedItemsImports = 5
		..\WebServiceClient\Src\WebServiceClientShare\WebServiceClientShare.projitems*{dce903ac-e703-404e-a1a8-7d1224504e1e}*SharedItemsImports = 5
	EndGlobalSection
EndGlobal
