<Solution>
  <Folder Name="/Src/">
    <Project Path="../WebServiceClient/Src/WebServiceClientShare/WebServiceClientShare.shproj" />
    <Project Path="Src/SnipeITWebApi100/SnipeITWebApi100.csproj" />
    <Project Path="Src/SnipeITWebApi80/SnipeITWebApi80.csproj" />
    <Project Path="Src/SnipeITWebApi90/SnipeITWebApi90.csproj" />
    <Project Path="Src/SnipeITWebApiShare/SnipeITWebApiShare.shproj" />
  </Folder>
  <Folder Name="/Test/">
    <Project Path="Test/SnipeITWebApiUnitTest100/SnipeITWebApiUnitTest100.csproj" />
    <Project Path="Test/SnipeITWebApiUnitTest80/SnipeITWebApiUnitTest80.csproj" />
    <Project Path="Test/SnipeITWebApiUnitTest90/SnipeITWebApiUnitTest90.csproj" />
    <Project Path="Test/SnipeITWebApiUnitTestShare/SnipeITWebApiUnitTestShare.shproj" />
  </Folder>
</Solution>
